
Microsoft Visual Studio Solution File, Format Version 12.00
# Visual Studio Version 16
VisualStudioVersion = 16.0.29519.87
MinimumVisualStudioVersion = 10.0.40219.1
Project("{FAE04EC0-301F-11D3-BF4B-00C04F79EFBC}") = "SortingVisualizer", "SortingVisualizer\SortingVisualizer.csproj", "{36D632F6-957D-4636-95B8-FC3886851085}"
EndProject
Global
	GlobalSection(SolutionConfigurationPlatforms) = preSolution
		Debug|Any CPU = Debug|Any CPU
		Release|Any CPU = Release|Any CPU
	EndGlobalSection
	GlobalSection(ProjectConfigurationPlatforms) = postSolution
		{36D632F6-957D-4636-95B8-FC3886851085}.Debug|Any CPU.ActiveCfg = Debug|Any CPU
		{36D632F6-957D-4636-95B8-FC3886851085}.Debug|Any CPU.Build.0 = Debug|Any CPU
		{36D632F6-957D-4636-95B8-FC3886851085}.Release|Any CPU.ActiveCfg = Release|Any CPU
		{36D632F6-957D-4636-95B8-FC3886851085}.Release|Any CPU.Build.0 = Release|Any CPU
	EndGlobalSection
	GlobalSection(SolutionProperties) = preSolution
		HideSolutionNode = FALSE
	EndGlobalSection
	GlobalSection(ExtensibilityGlobals) = postSolution
		SolutionGuid = {F9AD6BEB-ADBF-4423-8114-331D39A7055F}
	EndGlobalSection
EndGlobal
